
Microsoft Visual Studio Solution File, Format Version 12.00
# Visual Studio Version 16
VisualStudioVersion = 16.0.31205.134
MinimumVisualStudioVersion = 10.0.40219.1
Project("{FAE04EC0-301F-11D3-BF4B-00C04F79EFBC}") = "B_Dorina_2020_majus", "B_Dorina_2020_majus\B_Dorina_2020_majus.csproj", "{2CA53E5C-CCE4-4E44-8962-07E23474846A}"
EndProject
Global
	GlobalSection(SolutionConfigurationPlatforms) = preSolution
		Debug|Any CPU = Debug|Any CPU
		Release|Any CPU = Release|Any CPU
	EndGlobalSection
	GlobalSection(ProjectConfigurationPlatforms) = postSolution
		{2CA53E5C-CCE4-4E44-8962-07E23474846A}.Debug|Any CPU.ActiveCfg = Debug|Any CPU
		{2CA53E5C-CCE4-4E44-8962-07E23474846A}.Debug|Any CPU.Build.0 = Debug|Any CPU
		{2CA53E5C-CCE4-4E44-8962-07E23474846A}.Release|Any CPU.ActiveCfg = Release|Any CPU
		{2CA53E5C-CCE4-4E44-8962-07E23474846A}.Release|Any CPU.Build.0 = Release|Any CPU
	EndGlobalSection
	GlobalSection(SolutionProperties) = preSolution
		HideSolutionNode = FALSE
	EndGlobalSection
	GlobalSection(ExtensibilityGlobals) = postSolution
		SolutionGuid = {2A3BEA8F-2217-4D28-A0DC-23956E57ABBE}
	EndGlobalSection
EndGlobal
